{
  "version": 2,
  "dependencies": {
    "net10.0": {
      "lumio.client.bot": {
        "type": "Project",
        "dependencies": {
          "Lumio.Client.Input": "[1.0.0, )",
          "Lumio.Client.Observability": "[1.0.0, )",
          "Lumio.Client.Session": "[1.0.0, )",
          "Lumio.GameRuntime.Ecs": "[1.0.0, )",
          "Lumio.GameRuntime.Replication": "[1.0.0, )",
          "Lumio.GameRuntime.Samples.Username.Client": "[1.0.0, )"
        }
      },
      "lumio.client.connection": {
        "type": "Project",
        "dependencies": {
          "Lumio.Client.Observability": "[1.0.0, )"
        }
      },
      "lumio.client.handshake": {
        "type": "Project",
        "dependencies": {
          "Lumio.Client.Connection": "[1.0.0, )",
          "Lumio.Client.Observability": "[1.0.0, )"
        }
      },
      "lumio.client.input": {
        "type": "Project",
        "dependencies": {
          "Lumio.Client.Observability": "[1.0.0, )"
        }
      },
      "lumio.client.observability": {
        "type": "Project"
      },
      "lumio.client.persistence": {
        "type": "Project",
        "dependencies": {
          "Lumio.Client.Observability": "[1.0.0, )"
        }
      },
      "lumio.client.prediction": {
        "type": "Project",
        "dependencies": {
          "Lumio.Client.Observability": "[1.0.0, )"
        }
      },
      "lumio.client.replica": {
        "type": "Project",
        "dependencies": {
          "Lumio.Client.Observability": "[1.0.0, )",
          "Lumio.GameRuntime.Ecs": "[1.0.0, )",
          "Lumio.GameRuntime.Replication": "[1.0.0, )",
          "Lumio.GameRuntime.Samples.Username.Client": "[1.0.0, )"
        }
      },
      "lumio.client.session": {
        "type": "Project",
        "dependencies": {
          "Lumio.Client.Connection": "[1.0.0, )",
          "Lumio.Client.Handshake": "[1.0.0, )",
          "Lumio.Client.Input": "[1.0.0, )",
          "Lumio.Client.Observability": "[1.0.0, )",
          "Lumio.Client.Persistence": "[1.0.0, )",
          "Lumio.Client.Prediction": "[1.0.0, )",
          "Lumio.Client.Replica": "[1.0.0, )"
        }
      },
      "lumio.gameruntime.command": {
        "type": "Project",
        "dependencies": {
          "Lumio.GameRuntime.Ecs": "[1.0.0, )",
          "Lumio.GameRuntime.GeneratedContracts": "[1.0.0, )",
          "Lumio.GameRuntime.Observability": "[1.0.0, )"
        }
      },
      "lumio.gameruntime.config": {
        "type": "Project",
        "dependencies": {
          "Lumio.GameRuntime.GeneratedContracts": "[1.0.0, )",
          "Lumio.GameRuntime.Observability": "[1.0.0, )"
        }
      },
      "lumio.gameruntime.coordination": {
        "type": "Project",
        "dependencies": {
          "Lumio.GameRuntime.Command": "[1.0.0, )",
          "Lumio.GameRuntime.Ecs": "[1.0.0, )",
          "Lumio.GameRuntime.GeneratedContracts": "[1.0.0, )",
          "Lumio.GameRuntime.Observability": "[1.0.0, )"
        }
      },
      "lumio.gameruntime.ecs": {
        "type": "Project",
        "dependencies": {
          "Lumio.GameRuntime.GeneratedContracts": "[1.0.0, )"
        }
      },
      "lumio.gameruntime.gas": {
        "type": "Project",
        "dependencies": {
          "Lumio.GameRuntime.Command": "[1.0.0, )",
          "Lumio.GameRuntime.Config": "[1.0.0, )",
          "Lumio.GameRuntime.Ecs": "[1.0.0, )",
          "Lumio.GameRuntime.GeneratedContracts": "[1.0.0, )",
          "Lumio.GameRuntime.Observability": "[1.0.0, )"
        }
      },
      "lumio.gameruntime.generatedcontracts": {
        "type": "Project"
      },
      "lumio.gameruntime.observability": {
        "type": "Project",
        "dependencies": {
          "Lumio.GameRuntime.GeneratedContracts": "[1.0.0, )"
        }
      },
      "lumio.gameruntime.replication": {
        "type": "Project",
        "dependencies": {
          "Lumio.GameRuntime.Command": "[1.0.0, )",
          "Lumio.GameRuntime.Config": "[1.0.0, )",
          "Lumio.GameRuntime.Coordination": "[1.0.0, )",
          "Lumio.GameRuntime.Ecs": "[1.0.0, )",
          "Lumio.GameRuntime.Gas": "[1.0.0, )",
          "Lumio.GameRuntime.GeneratedContracts": "[1.0.0, )",
          "Lumio.GameRuntime.Observability": "[1.0.0, )"
        }
      },
      "lumio.gameruntime.samples.username.client": {
        "type": "Project",
        "dependencies": {
          "Lumio.GameRuntime.Ecs": "[1.0.0, )"
        }
      }
    }
  }
}